
Microsoft Visual Studio Solution File, Format Version 12.00
# Visual Studio Version 17
VisualStudioVersion = 17.14.36221.1 d17.14
MinimumVisualStudioVersion = 10.0.40219.1
Project("{FAE04EC0-301F-11D3-BF4B-00C04F79EFBC}") = "Eiger_stop_Console_app_01", "Eiger_stop_Console_app_01.csproj", "{13BDA23E-2F05-4EBD-8460-F1D289678CFA}"
EndProject
Global
	GlobalSection(SolutionConfigurationPlatforms) = preSolution
		Debug|Any CPU = Debug|Any CPU
		Release|Any CPU = Release|Any CPU
	EndGlobalSection
	GlobalSection(ProjectConfigurationPlatforms) = postSolution
		{13BDA23E-2F05-4EBD-8460-F1D289678CFA}.Debug|Any CPU.ActiveCfg = Debug|Any CPU
		{13BDA23E-2F05-4EBD-8460-F1D289678CFA}.Debug|Any CPU.Build.0 = Debug|Any CPU
		{13BDA23E-2F05-4EBD-8460-F1D289678CFA}.Release|Any CPU.ActiveCfg = Release|Any CPU
		{13BDA23E-2F05-4EBD-8460-F1D289678CFA}.Release|Any CPU.Build.0 = Release|Any CPU
	EndGlobalSection
	GlobalSection(SolutionProperties) = preSolution
		HideSolutionNode = FALSE
	EndGlobalSection
	GlobalSection(ExtensibilityGlobals) = postSolution
		SolutionGuid = {64933FE0-21F9-431C-9EF0-A89AFC3C1274}
	EndGlobalSection
EndGlobal
